
Microsoft Visual Studio Solution File, Format Version 12.00
# Visual Studio Version 16
VisualStudioVersion = 16.0.29025.244
MinimumVisualStudioVersion = 10.0.40219.1
Project("{FAE04EC0-301F-11D3-BF4B-00C04F79EFBC}") = "NoMenuMusic", "NoMenuMusic\NoMenuMusic.csproj", "{4634F27C-489F-429A-BBC4-CDC91AE7A675}"
EndProject
Global
	GlobalSection(SolutionConfigurationPlatforms) = preSolution
		Debug|Any CPU = Debug|Any CPU
		Release|Any CPU = Release|Any CPU
	EndGlobalSection
	GlobalSection(ProjectConfigurationPlatforms) = postSolution
		{4634F27C-489F-429A-BBC4-CDC91AE7A675}.Debug|Any CPU.ActiveCfg = Debug|Any CPU
		{4634F27C-489F-429A-BBC4-CDC91AE7A675}.Debug|Any CPU.Build.0 = Debug|Any CPU
		{4634F27C-489F-429A-BBC4-CDC91AE7A675}.Release|Any CPU.ActiveCfg = Release|Any CPU
		{4634F27C-489F-429A-BBC4-CDC91AE7A675}.Release|Any CPU.Build.0 = Release|Any CPU
	EndGlobalSection
	GlobalSection(SolutionProperties) = preSolution
		HideSolutionNode = FALSE
	EndGlobalSection
	GlobalSection(ExtensibilityGlobals) = postSolution
		SolutionGuid = {4F51ABFC-39A9-454C-B313-1E64345C69D3}
	EndGlobalSection
EndGlobal
